
Microsoft Visual Studio Solution File, Format Version 12.00
# Visual Studio Version 16
VisualStudioVersion = 16.0.30204.135
MinimumVisualStudioVersion = 10.0.40219.1
Project("{9A19103F-16F7-4668-BE54-9A1E7A4F7556}") = "DI.Web", "DI.Web\DI.Web.csproj", "{A6787502-3105-43C8-B26C-4C7BDB30198A}"
EndProject
Project("{FAE04EC0-301F-11D3-BF4B-00C04F79EFBC}") = "DI.Services", "DI.Services\DI.Services.csproj", "{E9D2E4F0-6924-4017-AE26-BFFF708F1B56}"
EndProject
Project("{FAE04EC0-301F-11D3-BF4B-00C04F79EFBC}") = "DI.Services.Contract", "DI.Services.Contract\DI.Services.Contract.csproj", "{F9A2FC6B-F3AC-4BCD-9779-26A75ED84582}"
EndProject
Project("{9A19103F-16F7-4668-BE54-9A1E7A4F7556}") = "DI.Core.IRepository", "DI.Core.IRepository\DI.Core.IRepository.csproj", "{03CAB05A-EEB2-4FC3-9333-BFDC22677C6F}"
EndProject
Project("{9A19103F-16F7-4668-BE54-9A1E7A4F7556}") = "DI.Core.Repository", "DI.Core.Repository\DI.Core.Repository.csproj", "{2A2C4888-E0A5-4C8F-AA86-DF16255933C6}"
EndProject
Global
	GlobalSection(SolutionConfigurationPlatforms) = preSolution
		Debug|Any CPU = Debug|Any CPU
		Release|Any CPU = Release|Any CPU
	EndGlobalSection
	GlobalSection(ProjectConfigurationPlatforms) = postSolution
		{A6787502-3105-43C8-B26C-4C7BDB30198A}.Debug|Any CPU.ActiveCfg = Debug|Any CPU
		{A6787502-3105-43C8-B26C-4C7BDB30198A}.Debug|Any CPU.Build.0 = Debug|Any CPU
		{A6787502-3105-43C8-B26C-4C7BDB30198A}.Release|Any CPU.ActiveCfg = Release|Any CPU
		{A6787502-3105-43C8-B26C-4C7BDB30198A}.Release|Any CPU.Build.0 = Release|Any CPU
		{E9D2E4F0-6924-4017-AE26-BFFF708F1B56}.Debug|Any CPU.ActiveCfg = Debug|Any CPU
		{E9D2E4F0-6924-4017-AE26-BFFF708F1B56}.Debug|Any CPU.Build.0 = Debug|Any CPU
		{E9D2E4F0-6924-4017-AE26-BFFF708F1B56}.Release|Any CPU.ActiveCfg = Release|Any CPU
		{E9D2E4F0-6924-4017-AE26-BFFF708F1B56}.Release|Any CPU.Build.0 = Release|Any CPU
		{F9A2FC6B-F3AC-4BCD-9779-26A75ED84582}.Debug|Any CPU.ActiveCfg = Debug|Any CPU
		{F9A2FC6B-F3AC-4BCD-9779-26A75ED84582}.Debug|Any CPU.Build.0 = Debug|Any CPU
		{F9A2FC6B-F3AC-4BCD-9779-26A75ED84582}.Release|Any CPU.ActiveCfg = Release|Any CPU
		{F9A2FC6B-F3AC-4BCD-9779-26A75ED84582}.Release|Any CPU.Build.0 = Release|Any CPU
		{03CAB05A-EEB2-4FC3-9333-BFDC22677C6F}.Debug|Any CPU.ActiveCfg = Debug|Any CPU
		{03CAB05A-EEB2-4FC3-9333-BFDC22677C6F}.Debug|Any CPU.Build.0 = Debug|Any CPU
		{03CAB05A-EEB2-4FC3-9333-BFDC22677C6F}.Release|Any CPU.ActiveCfg = Release|Any CPU
		{03CAB05A-EEB2-4FC3-9333-BFDC22677C6F}.Release|Any CPU.Build.0 = Release|Any CPU
		{2A2C4888-E0A5-4C8F-AA86-DF16255933C6}.Debug|Any CPU.ActiveCfg = Debug|Any CPU
		{2A2C4888-E0A5-4C8F-AA86-DF16255933C6}.Debug|Any CPU.Build.0 = Debug|Any CPU
		{2A2C4888-E0A5-4C8F-AA86-DF16255933C6}.Release|Any CPU.ActiveCfg = Release|Any CPU
		{2A2C4888-E0A5-4C8F-AA86-DF16255933C6}.Release|Any CPU.Build.0 = Release|Any CPU
	EndGlobalSection
	GlobalSection(SolutionProperties) = preSolution
		HideSolutionNode = FALSE
	EndGlobalSection
	GlobalSection(ExtensibilityGlobals) = postSolution
		SolutionGuid = {E19830F5-7AFA-4AE0-971A-6B5BA5C960D1}
	EndGlobalSection
EndGlobal
